# This file is automatically @generated by Poetry and should not be changed by hand.

[[package]]
name = "ale-py"
version = "0.8.1"
description = "The Arcade Learning Environment (ALE) - a platform for AI research."
category = "main"
optional = false
python-versions = ">=3.7"
files = [
    {file = "ale_py-0.8.1-cp310-cp310-macosx_10_15_x86_64.whl", hash = "sha256:b2aa2f69a4169742800615970efe6914fa856e33eaf7fa9133c0e06a617a80e2"},
    {file = "ale_py-0.8.1-cp310-cp310-macosx_11_0_arm64.whl", hash = "sha256:6f2f6b92c8fd6189654979bbf0b305dbe0ecf82176c47f244d8c1cbc36286b89"},
    {file = "ale_py-0.8.1-cp310-cp310-manylinux_2_17_x86_64.manylinux2014_x86_64.whl", hash = "sha256:c9b168eb88c87d0f3e2a778e6c5cdde4ad951d1ca8a6dc3d3679fd45398df7d1"},
    {file = "ale_py-0.8.1-cp310-cp310-win_amd64.whl", hash = "sha256:5fcc31f495de79ee1d6bfc0f4b7c4619948851e679bbf010035e25f23146a687"},
    {file = "ale_py-0.8.1-cp311-cp311-macosx_10_15_x86_64.whl", hash = "sha256:0856ca777473ec4ae8a59f3af9580259adb0fd4a47d586a125a440c62e82fc10"},
    {file = "ale_py-0.8.1-cp311-cp311-macosx_11_0_arm64.whl", hash = "sha256:f10b1df8774bbe3b00365748b5e0e07cf35f6a703bbaff991bc7b3b2247dccc9"},
    {file = "ale_py-0.8.1-cp311-cp311-manylinux_2_17_x86_64.manylinux2014_x86_64.whl", hash = "sha256:0006d80dfe7745eb5a93444492337203c8bc7eb594a2c24c6a651c5c5b0eaf09"},
    {file = "ale_py-0.8.1-cp311-cp311-win_amd64.whl", hash = "sha256:9773eea7505484e024beb2fff0f3bfd363db151bdb9799d70995448e196b1ded"},
    {file = "ale_py-0.8.1-cp37-cp37m-macosx_10_15_x86_64.whl", hash = "sha256:87557db05be0e04130e2ec1bf909d3bb0b0bc034645d4f664e6baa573fe32191"},
    {file = "ale_py-0.8.1-cp37-cp37m-manylinux_2_17_x86_64.manylinux2014_x86_64.whl", hash = "sha256:ae2ba24557e0ce541ea3be13b148db2a9cfa730d83537b4cbed5e10449826e51"},
    {file = "ale_py-0.8.1-cp37-cp37m-win_amd64.whl", hash = "sha256:ade5c32af567629164a6b49378978c728a15dc4db07ad6b679e8832d4fd3ea1f"},
    {file = "ale_py-0.8.1-cp38-cp38-macosx_10_15_x86_64.whl", hash = "sha256:0ffecb5c956749596030e464827642945162170a132d093c3d4fa2d7e5725c18"},
    {file = "ale_py-0.8.1-cp38-cp38-macosx_11_0_arm64.whl", hash = "sha256:7cd74b7ee0248ef11a086c9764e142e71defd40ec8989a99232bfd2d9e8023be"},
    {file = "ale_py-0.8.1-cp38-cp38-manylinux_2_17_x86_64.manylinux2014_x86_64.whl", hash = "sha256:eadf9f3990b4ff2f9e5ca35889f5e2e95cddd6a353d9d857d9b4601a6e1c4e7c"},
    {file = "ale_py-0.8.1-cp38-cp38-win_amd64.whl", hash = "sha256:817adf9a3a82c4923c731e634520a5ecf296aca0367f5c69959a96b32119d831"},
    {file = "ale_py-0.8.1-cp39-cp39-macosx_10_15_x86_64.whl", hash = "sha256:2d9fcfa06c74a613c5419e942ef4d3e0959533f52e94d2d4bda61d07fbfffeee"},
    {file = "ale_py-0.8.1-cp39-cp39-macosx_11_0_arm64.whl", hash = "sha256:f278036f9b6066062abcdf0987a0ec5a8e0f22a2c7cfac925e39378d4343d490"},
    {file = "ale_py-0.8.1-cp39-cp39-manylinux_2_17_x86_64.manylinux2014_x86_64.whl", hash = "sha256:b00f74e27815131c1a2791f3d48114363fa2708e19f09ce6b7b614cb14c9d469"},
    {file = "ale_py-0.8.1-cp39-cp39-win_amd64.whl", hash = "sha256:d49b550a2d9c25b63c343aa680fd81f253a3714cdc0e1835640933ebff1798ff"},
]

[package.dependencies]
importlib-resources = "*"
numpy = "*"
typing-extensions = {version = "*", markers = "python_version < \"3.11\""}

[package.extras]
test = ["gym (>=0.23,<1.0)", "pytest (>=7.0)"]

[[package]]
name = "cloudpickle"
version = "2.2.1"
description = "Extended pickling support for Python objects"
category = "main"
optional = false
python-versions = ">=3.6"
files = [
    {file = "cloudpickle-2.2.1-py3-none-any.whl", hash = "sha256:61f594d1f4c295fa5cd9014ceb3a1fc4a70b0de1164b94fbc2d854ccba056f9f"},
    {file = "cloudpickle-2.2.1.tar.gz", hash = "sha256:d89684b8de9e34a2a43b3460fbca07d09d6e25ce858df4d5a44240403b6178f5"},
]

[[package]]
name = "farama-notifications"
version = "0.0.4"
description = "Notifications for all Farama Foundation maintained libraries."
category = "main"
optional = false
python-versions = "*"
files = [
    {file = "Farama-Notifications-0.0.4.tar.gz", hash = "sha256:13fceff2d14314cf80703c8266462ebf3733c7d165336eee998fc58e545efd18"},
    {file = "Farama_Notifications-0.0.4-py3-none-any.whl", hash = "sha256:14de931035a41961f7c056361dc7f980762a143d05791ef5794a751a2caf05ae"},
]

[[package]]
name = "gymnasium"
version = "0.29.0"
description = "A standard API for reinforcement learning and a diverse set of reference environments (formerly Gym)."
category = "main"
optional = false
python-versions = ">=3.8"
files = [
    {file = "gymnasium-0.29.0-py3-none-any.whl", hash = "sha256:14a0e6ea9c4d34c0cd6e42e08c51e281834e9a83dc99b044427c9c6abf3b2a2b"},
    {file = "gymnasium-0.29.0.tar.gz", hash = "sha256:f012a2001fbbcbf70d0a2bff311aa3173efd6e3131811ab30ae06d43d31e94af"},
]

[package.dependencies]
cloudpickle = ">=1.2.0"
farama-notifications = ">=0.0.1"
numpy = ">=1.21.0"
shimmy = {version = ">=0.1.0,<1.0", extras = ["atari"], optional = true, markers = "extra == \"atari\""}
typing-extensions = ">=4.3.0"

[package.extras]
accept-rom-license = ["autorom[accept-rom-license] (>=0.4.2,<0.5.0)"]
all = ["box2d-py (==2.3.5)", "imageio (>=2.14.1)", "jax (>=0.4.0)", "jaxlib (>=0.4.0)", "lz4 (>=3.1.0)", "matplotlib (>=3.0)", "moviepy (>=1.0.0)", "mujoco (>=2.3.3)", "mujoco-py (>=2.1,<2.2)", "opencv-python (>=3.0)", "pygame (>=2.1.3)", "shimmy[atari] (>=0.1.0,<1.0)", "swig (>=4.0.0,<5.0.0)", "torch (>=1.0.0)"]
atari = ["shimmy[atari] (>=0.1.0,<1.0)"]
box2d = ["box2d-py (==2.3.5)", "pygame (>=2.1.3)", "swig (>=4.0.0,<5.0.0)"]
classic-control = ["pygame (>=2.1.3)", "pygame (>=2.1.3)"]
jax = ["jax (>=0.4.0)", "jaxlib (>=0.4.0)"]
mujoco = ["imageio (>=2.14.1)", "mujoco (>=2.3.3)"]
mujoco-py = ["mujoco-py (>=2.1,<2.2)", "mujoco-py (>=2.1,<2.2)"]
other = ["lz4 (>=3.1.0)", "matplotlib (>=3.0)", "moviepy (>=1.0.0)", "opencv-python (>=3.0)", "torch (>=1.0.0)"]
testing = ["pytest (==7.1.3)", "scipy (>=1.7.3)"]
toy-text = ["pygame (>=2.1.3)", "pygame (>=2.1.3)"]

[[package]]
name = "importlib-resources"
version = "6.0.0"
description = "Read resources from Python packages"
category = "main"
optional = false
python-versions = ">=3.8"
files = [
    {file = "importlib_resources-6.0.0-py3-none-any.whl", hash = "sha256:d952faee11004c045f785bb5636e8f885bed30dc3c940d5d42798a2a4541c185"},
    {file = "importlib_resources-6.0.0.tar.gz", hash = "sha256:4cf94875a8368bd89531a756df9a9ebe1f150e0f885030b461237bc7f2d905f2"},
]

[package.extras]
docs = ["furo", "jaraco.packaging (>=9.3)", "jaraco.tidelift (>=1.4)", "rst.linker (>=1.9)", "sphinx (>=3.5)", "sphinx-lint"]
testing = ["pytest (>=6)", "pytest-black (>=0.3.7)", "pytest-checkdocs (>=2.4)", "pytest-cov", "pytest-enabler (>=2.2)", "pytest-mypy (>=0.9.1)", "pytest-ruff"]

[[package]]
name = "numpy"
version = "1.25.1"
description = "Fundamental package for array computing in Python"
category = "main"
optional = false
python-versions = ">=3.9"
files = [
    {file = "numpy-1.25.1-cp310-cp310-macosx_10_9_x86_64.whl", hash = "sha256:77d339465dff3eb33c701430bcb9c325b60354698340229e1dff97745e6b3efa"},
    {file = "numpy-1.25.1-cp310-cp310-macosx_11_0_arm64.whl", hash = "sha256:d736b75c3f2cb96843a5c7f8d8ccc414768d34b0a75f466c05f3a739b406f10b"},
    {file = "numpy-1.25.1-cp310-cp310-manylinux_2_17_aarch64.manylinux2014_aarch64.whl", hash = "sha256:4a90725800caeaa160732d6b31f3f843ebd45d6b5f3eec9e8cc287e30f2805bf"},
    {file = "numpy-1.25.1-cp310-cp310-manylinux_2_17_x86_64.manylinux2014_x86_64.whl", hash = "sha256:6c6c9261d21e617c6dc5eacba35cb68ec36bb72adcff0dee63f8fbc899362588"},
    {file = "numpy-1.25.1-cp310-cp310-musllinux_1_1_x86_64.whl", hash = "sha256:0def91f8af6ec4bb94c370e38c575855bf1d0be8a8fbfba42ef9c073faf2cf19"},
    {file = "numpy-1.25.1-cp310-cp310-win32.whl", hash = "sha256:fd67b306320dcadea700a8f79b9e671e607f8696e98ec255915c0c6d6b818503"},
    {file = "numpy-1.25.1-cp310-cp310-win_amd64.whl", hash = "sha256:c1516db588987450b85595586605742879e50dcce923e8973f79529651545b57"},
    {file = "numpy-1.25.1-cp311-cp311-macosx_10_9_x86_64.whl", hash = "sha256:6b82655dd8efeea69dbf85d00fca40013d7f503212bc5259056244961268b66e"},
    {file = "numpy-1.25.1-cp311-cp311-macosx_11_0_arm64.whl", hash = "sha256:e8f6049c4878cb16960fbbfb22105e49d13d752d4d8371b55110941fb3b17800"},
    {file = "numpy-1.25.1-cp311-cp311-manylinux_2_17_aarch64.manylinux2014_aarch64.whl", hash = "sha256:41a56b70e8139884eccb2f733c2f7378af06c82304959e174f8e7370af112e09"},
    {file = "numpy-1.25.1-cp311-cp311-manylinux_2_17_x86_64.manylinux2014_x86_64.whl", hash = "sha256:d5154b1a25ec796b1aee12ac1b22f414f94752c5f94832f14d8d6c9ac40bcca6"},
    {file = "numpy-1.25.1-cp311-cp311-musllinux_1_1_x86_64.whl", hash = "sha256:38eb6548bb91c421261b4805dc44def9ca1a6eef6444ce35ad1669c0f1a3fc5d"},
    {file = "numpy-1.25.1-cp311-cp311-win32.whl", hash = "sha256:791f409064d0a69dd20579345d852c59822c6aa087f23b07b1b4e28ff5880fcb"},
    {file = "numpy-1.25.1-cp311-cp311-win_amd64.whl", hash = "sha256:c40571fe966393b212689aa17e32ed905924120737194b5d5c1b20b9ed0fb171"},
    {file = "numpy-1.25.1-cp39-cp39-macosx_10_9_x86_64.whl", hash = "sha256:3d7abcdd85aea3e6cdddb59af2350c7ab1ed764397f8eec97a038ad244d2d105"},
    {file = "numpy-1.25.1-cp39-cp39-macosx_11_0_arm64.whl", hash = "sha256:1a180429394f81c7933634ae49b37b472d343cccb5bb0c4a575ac8bbc433722f"},
    {file = "numpy-1.25.1-cp39-cp39-manylinux_2_17_aarch64.manylinux2014_aarch64.whl", hash = "sha256:d412c1697c3853c6fc3cb9751b4915859c7afe6a277c2bf00acf287d56c4e625"},
    {file = "numpy-1.25.1-cp39-cp39-manylinux_2_17_x86_64.manylinux2014_x86_64.whl", hash = "sha256:20e1266411120a4f16fad8efa8e0454d21d00b8c7cee5b5ccad7565d95eb42dd"},
    {file = "numpy-1.25.1-cp39-cp39-musllinux_1_1_x86_64.whl", hash = "sha256:f76aebc3358ade9eacf9bc2bb8ae589863a4f911611694103af05346637df1b7"},
    {file = "numpy-1.25.1-cp39-cp39-win32.whl", hash = "sha256:247d3ffdd7775bdf191f848be8d49100495114c82c2bd134e8d5d075fb386a1c"},
    {file = "numpy-1.25.1-cp39-cp39-win_amd64.whl", hash = "sha256:1d5d3c68e443c90b38fdf8ef40e60e2538a27548b39b12b73132456847f4b631"},
    {file = "numpy-1.25.1-pp39-pypy39_pp73-macosx_10_9_x86_64.whl", hash = "sha256:35a9527c977b924042170a0887de727cd84ff179e478481404c5dc66b4170009"},
    {file = "numpy-1.25.1-pp39-pypy39_pp73-manylinux_2_17_x86_64.manylinux2014_x86_64.whl", hash = "sha256:0d3fe3dd0506a28493d82dc3cf254be8cd0d26f4008a417385cbf1ae95b54004"},
    {file = "numpy-1.25.1-pp39-pypy39_pp73-win_amd64.whl", hash = "sha256:012097b5b0d00a11070e8f2e261128c44157a8689f7dedcf35576e525893f4fe"},
    {file = "numpy-1.25.1.tar.gz", hash = "sha256:9a3a9f3a61480cc086117b426a8bd86869c213fc4072e606f01c4e4b66eb92bf"},
]

[[package]]
name = "pyvirtualdisplay"
version = "3.0"
description = "python wrapper for Xvfb, Xephyr and Xvnc"
category = "main"
optional = false
python-versions = "*"
files = [
    {file = "PyVirtualDisplay-3.0-py3-none-any.whl", hash = "sha256:40d4b8dfe4b8de8552e28eb367647f311f88a130bf837fe910e7f180d5477f0e"},
    {file = "PyVirtualDisplay-3.0.tar.gz", hash = "sha256:09755bc3ceb6eb725fb07eca5425f43f2358d3bf08e00d2a9b792a1aedd16159"},
]

[[package]]
name = "shimmy"
version = "0.2.1"
description = "API for converting popular non-gymnasium environments to a gymnasium compatible environment."
category = "main"
optional = false
python-versions = ">=3.7"
files = [
    {file = "Shimmy-0.2.1-py3-none-any.whl", hash = "sha256:2d7d21c4ca679a64bb452e6a4232c6b0f5dba7589f5420454ddc1f0634334334"},
    {file = "Shimmy-0.2.1.tar.gz", hash = "sha256:7b96915445ee5488dcb19ccf52ce5581d6f00cc5cf0e0dff36b16cd65bffcb75"},
]

[package.dependencies]
ale-py = {version = ">=0.8.1,<0.9.0", optional = true, markers = "extra == \"atari\""}
gymnasium = ">=0.27.0"
numpy = ">=1.18.0"

[package.extras]
all = ["ale-py (>=0.8.1,<0.9.0)", "dm-control (>=1.0.10)", "gym (>=0.21)", "h5py (>=3.7.0)", "imageio", "open-spiel (>=1.2)", "pettingzoo (>=1.22)"]
atari = ["ale-py (>=0.8.1,<0.9.0)"]
dm-control = ["dm-control (>=1.0.10)", "h5py (>=3.7.0)", "imageio"]
dm-control-multi-agent = ["dm-control (>=1.0.10)", "pettingzoo (>=1.22)"]
gym = ["gym (>=0.21)"]
openspiel = ["open-spiel (>=1.2)", "pettingzoo (>=1.22)"]
testing = ["autorom[accept-rom-license] (>=0.4.2,<0.5.0)", "pillow (>=9.3.0)", "pytest (==7.1.3)"]

[[package]]
name = "typing-extensions"
version = "4.7.1"
description = "Backported and Experimental Type Hints for Python 3.7+"
category = "main"
optional = false
python-versions = ">=3.7"
files = [
    {file = "typing_extensions-4.7.1-py3-none-any.whl", hash = "sha256:440d5dd3af93b060174bf433bccd69b0babc3b15b1a8dca43789fd7f61514b36"},
    {file = "typing_extensions-4.7.1.tar.gz", hash = "sha256:b75ddc264f0ba5615db7ba217daeb99701ad295353c45f9e95963337ceeeffb2"},
]

[metadata]
lock-version = "2.0"
python-versions = "^3.10"
content-hash = "b23b979998cb88ca190fda09aa12ef0f3e4a196d8ff28e227fc817f0c0254e4f"
